# THIS IS AN AUTOGENERATED FILE. DO NOT EDIT THIS FILE DIRECTLY.
# yarn lockfile v1


vue-tinder@^2.0.3:
  version "2.0.3"
  resolved "https://registry.yarnpkg.com/vue-tinder/-/vue-tinder-2.0.3.tgz#a672ba25239ab0042d1f28bbde4564a8d3a62d33"
  integrity sha512-1E6C5PkTszU3B07bkCc8P46e4lArTVGr0dFiannqD63C9NmWv03+tacrjWs8shuFSH544ABW5fNoYxnoufEfdQ==
  dependencies:
    vue "^2.6.10"

vue@^2.6.10:
  version "2.6.12"
  resolved "https://registry.yarnpkg.com/vue/-/vue-2.6.12.tgz#f5ebd4fa6bd2869403e29a896aed4904456c9123"
  integrity sha512-uhmLFETqPPNyuLLbsKz6ioJ4q7AZHzD8ZVFNATNyICSZouqP2Sz0rotWQC8UNBF6VGSCs5abnKJoStA6JbCbfg==
